{
  "name": "text-to-speech",
  "lockfileVersion": 3,
  "requires": true,
  "packages": {
    "": {
      "dependencies": {
        "@aws-sdk/s3-request-presigner": "^3.927.0"
      }
    },
    "node_modules/@aws-sdk/core": {
      "version": "3.927.0",
      "resolved": "https://registry.npmjs.org/@aws-sdk/core/-/core-3.927.0.tgz",
      "integrity": "sha512-QOtR9QdjNeC7bId3fc/6MnqoEezvQ2Fk+x6F+Auf7NhOxwYAtB1nvh0k3+gJHWVGpfxN1I8keahRZd79U68/ag==",
      "license": "Apache-2.0",
      "dependencies": {
        "@aws-sdk/types": "3.922.0",
        "@aws-sdk/xml-builder": "3.921.0",
        "@smithy/core": "^3.17.2",
        "@smithy/node-config-provider": "^4.3.4",
        "@smithy/property-provider": "^4.2.4",
        "@smithy/protocol-http": "^5.3.4",
        "@smithy/signature-v4": "^5.3.4",
        "@smithy/smithy-client": "^4.9.2",
        "@smithy/types": "^4.8.1",
        "@smithy/util-base64": "^4.3.0",
        "@smithy/util-middleware": "^4.2.4",
        "@smithy/util-utf8": "^4.2.0",
        "tslib": "^2.6.2"
      },
      "engines": {
        "node": ">=18.0.0"
      }
    },
    "node_modules/@aws-sdk/middleware-sdk-s3": {
      "version": "3.927.0",
      "resolved": "https://registry.npmjs.org/@aws-sdk/middleware-sdk-s3/-/middleware-sdk-s3-3.927.0.tgz",
      "integrity": "sha512-kl39er2nUDIw21jxniBxCOnsw1m6gz7juuIn1cIyOAkUyPkkDpQT9+vTFpJcyNDkW+USxykBNe7HIXNiCKLyUg==",
      "license": "Apache-2.0",
      "dependencies": {
        "@aws-sdk/core": "3.927.0",
        "@aws-sdk/types": "3.922.0",
        "@aws-sdk/util-arn-parser": "3.893.0",
        "@smithy/core": "^3.17.2",
        "@smithy/node-config-provider": "^4.3.4",
        "@smithy/protocol-http": "^5.3.4",
        "@smithy/signature-v4": "^5.3.4",
        "@smithy/smithy-client": "^4.9.2",
        "@smithy/types": "^4.8.1",
        "@smithy/util-config-provider": "^4.2.0",
        "@smithy/util-middleware": "^4.2.4",
        "@smithy/util-stream": "^4.5.5",
        "@smithy/util-utf8": "^4.2.0",
        "tslib": "^2.6.2"
      },
      "engines": {
        "node": ">=18.0.0"
      }
    },
    "node_modules/@aws-sdk/s3-request-presigner": {
      "version": "3.927.0",
      "resolved": "https://registry.npmjs.org/@aws-sdk/s3-request-presigner/-/s3-request-presigner-3.927.0.tgz",
      "integrity": "sha512-HiNojMN3L+FwqYaJagIu+J0bs3eJj4dUoun9aM5w1CAw+mPVACf/MzojTDEIMi2I6tiP0fQzIfS6DPDmkJthtQ==",
      "license": "Apache-2.0",
      "dependencies": {
        "@aws-sdk/signature-v4-multi-region": "3.927.0",
        "@aws-sdk/types": "3.922.0",
        "@aws-sdk/util-format-url": "3.922.0",
        "@smithy/middleware-endpoint": "^4.3.6",
        "@smithy/protocol-http": "^5.3.4",
        "@smithy/smithy-client": "^4.9.2",
        "@smithy/types": "^4.8.1",
        "tslib": "^2.6.2"
      },
      "engines": {
        "node": ">=18.0.0"
      }
    },
    "node_modules/@aws-sdk/signature-v4-multi-region": {
      "version": "3.927.0",
      "resolved": "https://registry.npmjs.org/@aws-sdk/signature-v4-multi-region/-/signature-v4-multi-region-3.927.0.tgz",
      "integrity": "sha512-P0TZxFhNxj2V9LtR9vk8b3RVbnKt7HkPRptnZafpKjvG6VhWch8bDmrEveCIT8XP2vSUc/5O6a7S3MuPPgnTJA==",
      "license": "Apache-2.0",
      "dependencies": {
        "@aws-sdk/middleware-sdk-s3": "3.927.0",
        "@aws-sdk/types": "3.922.0",
        "@smithy/protocol-http": "^5.3.4",
        "@smithy/signature-v4": "^5.3.4",
        "@smithy/types": "^4.8.1",
        "tslib": "^2.6.2"
      },
      "engines": {
        "node": ">=18.0.0"
      }
    },
    "node_modules/@aws-sdk/types": {
      "version": "3.922.0",
      "resolved": "https://registry.npmjs.org/@aws-sdk/types/-/types-3.922.0.tgz",
      "integrity": "sha512-eLA6XjVobAUAMivvM7DBL79mnHyrm+32TkXNWZua5mnxF+6kQCfblKKJvxMZLGosO53/Ex46ogim8IY5Nbqv2w==",
      "license": "Apache-2.0",
      "dependencies": {
        "@smithy/types": "^4.8.1",
        "tslib": "^2.6.2"
      },
      "engines": {
        "node": ">=18.0.0"
      }
    },
    "node_modules/@aws-sdk/util-arn-parser": {
      "version": "3.893.0",
      "resolved": "https://registry.npmjs.org/@aws-sdk/util-arn-parser/-/util-arn-parser-3.893.0.tgz",
      "integrity": "sha512-u8H4f2Zsi19DGnwj5FSZzDMhytYF/bCh37vAtBsn3cNDL3YG578X5oc+wSX54pM3tOxS+NY7tvOAo52SW7koUA==",
      "license": "Apache-2.0",
      "dependencies": {
        "tslib": "^2.6.2"
      },
      "engines": {
        "node": ">=18.0.0"
      }
    },
    "node_modules/@aws-sdk/util-format-url": {
      "version": "3.922.0",
      "resolved": "https://registry.npmjs.org/@aws-sdk/util-format-url/-/util-format-url-3.922.0.tgz",
      "integrity": "sha512-UYLWPvZEd6TYilNkrQrIeXh2bXZsY3ighYErSEjD24f3JQhg0XdXoR/QHIE8licHu2qFrTRM6yi9LH1GY6X0cg==",
      "license": "Apache-2.0",
      "dependencies": {
        "@aws-sdk/types": "3.922.0",
        "@smithy/querystring-builder": "^4.2.4",
        "@smithy/types": "^4.8.1",
        "tslib": "^2.6.2"
      },
      "engines": {
        "node": ">=18.0.0"
      }
    },
    "node_modules/@aws-sdk/xml-builder": {
      "version": "3.921.0",
      "resolved": "https://registry.npmjs.org/@aws-sdk/xml-builder/-/xml-builder-3.921.0.tgz",
      "integrity": "sha512-LVHg0jgjyicKKvpNIEMXIMr1EBViESxcPkqfOlT+X1FkmUMTNZEEVF18tOJg4m4hV5vxtkWcqtr4IEeWa1C41Q==",
      "license": "Apache-2.0",
      "dependencies": {
        "@smithy/types": "^4.8.1",
        "fast-xml-parser": "5.2.5",
        "tslib": "^2.6.2"
      },
      "engines": {
        "node": ">=18.0.0"
      }
    },
    "node_modules/@smithy/abort-controller": {
      "version": "4.2.4",
      "resolved": "https://registry.npmjs.org/@smithy/abort-controller/-/abort-controller-4.2.4.tgz",
      "integrity": "sha512-Z4DUr/AkgyFf1bOThW2HwzREagee0sB5ycl+hDiSZOfRLW8ZgrOjDi6g8mHH19yyU5E2A/64W3z6SMIf5XiUSQ==",
      "license": "Apache-2.0",
      "dependencies": {
        "@smithy/types": "^4.8.1",
        "tslib": "^2.6.2"
      },
      "engines": {
        "node": ">=18.0.0"
      }
    },
    "node_modules/@smithy/core": {
      "version": "3.17.2",
      "resolved": "https://registry.npmjs.org/@smithy/core/-/core-3.17.2.tgz",
      "integrity": "sha512-n3g4Nl1Te+qGPDbNFAYf+smkRVB+JhFsGy9uJXXZQEufoP4u0r+WLh6KvTDolCswaagysDc/afS1yvb2jnj1gQ==",
      "license": "Apache-2.0",
      "dependencies": {
        "@smithy/middleware-serde": "^4.2.4",
        "@smithy/protocol-http": "^5.3.4",
        "@smithy/types": "^4.8.1",
        "@smithy/util-base64": "^4.3.0",
        "@smithy/util-body-length-browser": "^4.2.0",
        "@smithy/util-middleware": "^4.2.4",
        "@smithy/util-stream": "^4.5.5",
        "@smithy/util-utf8": "^4.2.0",
        "@smithy/uuid": "^1.1.0",
        "tslib": "^2.6.2"
      },
      "engines": {
        "node": ">=18.0.0"
      }
    },
    "node_modules/@smithy/fetch-http-handler": {
      "version": "5.3.5",
      "resolved": "https://registry.npmjs.org/@smithy/fetch-http-handler/-/fetch-http-handler-5.3.5.tgz",
      "integrity": "sha512-mg83SM3FLI8Sa2ooTJbsh5MFfyMTyNRwxqpKHmE0ICRIa66Aodv80DMsTQI02xBLVJ0hckwqTRr5IGAbbWuFLQ==",
      "license": "Apache-2.0",
      "dependencies": {
        "@smithy/protocol-http": "^5.3.4",
        "@smithy/querystring-builder": "^4.2.4",
        "@smithy/types": "^4.8.1",
        "@smithy/util-base64": "^4.3.0",
        "tslib": "^2.6.2"
      },
      "engines": {
        "node": ">=18.0.0"
      }
    },
    "node_modules/@smithy/is-array-buffer": {
      "version": "4.2.0",
      "resolved": "https://registry.npmjs.org/@smithy/is-array-buffer/-/is-array-buffer-4.2.0.tgz",
      "integrity": "sha512-DZZZBvC7sjcYh4MazJSGiWMI2L7E0oCiRHREDzIxi/M2LY79/21iXt6aPLHge82wi5LsuRF5A06Ds3+0mlh6CQ==",
      "license": "Apache-2.0",
      "dependencies": {
        "tslib": "^2.6.2"
      },
      "engines": {
        "node": ">=18.0.0"
      }
    },
    "node_modules/@smithy/middleware-endpoint": {
      "version": "4.3.6",
      "resolved": "https://registry.npmjs.org/@smithy/middleware-endpoint/-/middleware-endpoint-4.3.6.tgz",
      "integrity": "sha512-PXehXofGMFpDqr933rxD8RGOcZ0QBAWtuzTgYRAHAL2BnKawHDEdf/TnGpcmfPJGwonhginaaeJIKluEojiF/w==",
      "license": "Apache-2.0",
      "dependencies": {
        "@smithy/core": "^3.17.2",
        "@smithy/middleware-serde": "^4.2.4",
        "@smithy/node-config-provider": "^4.3.4",
        "@smithy/shared-ini-file-loader": "^4.3.4",
        "@smithy/types": "^4.8.1",
        "@smithy/url-parser": "^4.2.4",
        "@smithy/util-middleware": "^4.2.4",
        "tslib": "^2.6.2"
      },
      "engines": {
        "node": ">=18.0.0"
      }
    },
    "node_modules/@smithy/middleware-serde": {
      "version": "4.2.4",
      "resolved": "https://registry.npmjs.org/@smithy/middleware-serde/-/middleware-serde-4.2.4.tgz",
      "integrity": "sha512-jUr3x2CDhV15TOX2/Uoz4gfgeqLrRoTQbYAuhLS7lcVKNev7FeYSJ1ebEfjk+l9kbb7k7LfzIR/irgxys5ZTOg==",
      "license": "Apache-2.0",
      "dependencies": {
        "@smithy/protocol-http": "^5.3.4",
        "@smithy/types": "^4.8.1",
        "tslib": "^2.6.2"
      },
      "engines": {
        "node": ">=18.0.0"
      }
    },
    "node_modules/@smithy/middleware-stack": {
      "version": "4.2.4",
      "resolved": "https://registry.npmjs.org/@smithy/middleware-stack/-/middleware-stack-4.2.4.tgz",
      "integrity": "sha512-Gy3TKCOnm9JwpFooldwAboazw+EFYlC+Bb+1QBsSi5xI0W5lX81j/P5+CXvD/9ZjtYKRgxq+kkqd/KOHflzvgA==",
      "license": "Apache-2.0",
      "dependencies": {
        "@smithy/types": "^4.8.1",
        "tslib": "^2.6.2"
      },
      "engines": {
        "node": ">=18.0.0"
      }
    },
    "node_modules/@smithy/node-config-provider": {
      "version": "4.3.4",
      "resolved": "https://registry.npmjs.org/@smithy/node-config-provider/-/node-config-provider-4.3.4.tgz",
      "integrity": "sha512-3X3w7qzmo4XNNdPKNS4nbJcGSwiEMsNsRSunMA92S4DJLLIrH5g1AyuOA2XKM9PAPi8mIWfqC+fnfKNsI4KvHw==",
      "license": "Apache-2.0",
      "dependencies": {
        "@smithy/property-provider": "^4.2.4",
        "@smithy/shared-ini-file-loader": "^4.3.4",
        "@smithy/types": "^4.8.1",
        "tslib": "^2.6.2"
      },
      "engines": {
        "node": ">=18.0.0"
      }
    },
    "node_modules/@smithy/node-http-handler": {
      "version": "4.4.4",
      "resolved": "https://registry.npmjs.org/@smithy/node-http-handler/-/node-http-handler-4.4.4.tgz",
      "integrity": "sha512-VXHGfzCXLZeKnFp6QXjAdy+U8JF9etfpUXD1FAbzY1GzsFJiDQRQIt2CnMUvUdz3/YaHNqT3RphVWMUpXTIODA==",
      "license": "Apache-2.0",
      "dependencies": {
        "@smithy/abort-controller": "^4.2.4",
        "@smithy/protocol-http": "^5.3.4",
        "@smithy/querystring-builder": "^4.2.4",
        "@smithy/types": "^4.8.1",
        "tslib": "^2.6.2"
      },
      "engines": {
        "node": ">=18.0.0"
      }
    },
    "node_modules/@smithy/property-provider": {
      "version": "4.2.4",
      "resolved": "https://registry.npmjs.org/@smithy/property-provider/-/property-provider-4.2.4.tgz",
      "integrity": "sha512-g2DHo08IhxV5GdY3Cpt/jr0mkTlAD39EJKN27Jb5N8Fb5qt8KG39wVKTXiTRCmHHou7lbXR8nKVU14/aRUf86w==",
      "license": "Apache-2.0",
      "dependencies": {
        "@smithy/types": "^4.8.1",
        "tslib": "^2.6.2"
      },
      "engines": {
        "node": ">=18.0.0"
      }
    },
    "node_modules/@smithy/protocol-http": {
      "version": "5.3.4",
      "resolved": "https://registry.npmjs.org/@smithy/protocol-http/-/protocol-http-5.3.4.tgz",
      "integrity": "sha512-3sfFd2MAzVt0Q/klOmjFi3oIkxczHs0avbwrfn1aBqtc23WqQSmjvk77MBw9WkEQcwbOYIX5/2z4ULj8DuxSsw==",
      "license": "Apache-2.0",
      "dependencies": {
        "@smithy/types": "^4.8.1",
        "tslib": "^2.6.2"
      },
      "engines": {
        "node": ">=18.0.0"
      }
    },
    "node_modules/@smithy/querystring-builder": {
      "version": "4.2.4",
      "resolved": "https://registry.npmjs.org/@smithy/querystring-builder/-/querystring-builder-4.2.4.tgz",
      "integrity": "sha512-KQ1gFXXC+WsbPFnk7pzskzOpn4s+KheWgO3dzkIEmnb6NskAIGp/dGdbKisTPJdtov28qNDohQrgDUKzXZBLig==",
      "license": "Apache-2.0",
      "dependencies": {
        "@smithy/types": "^4.8.1",
        "@smithy/util-uri-escape": "^4.2.0",
        "tslib": "^2.6.2"
      },
      "engines": {
        "node": ">=18.0.0"
      }
    },
    "node_modules/@smithy/querystring-parser": {
      "version": "4.2.4",
      "resolved": "https://registry.npmjs.org/@smithy/querystring-parser/-/querystring-parser-4.2.4.tgz",
      "integrity": "sha512-aHb5cqXZocdzEkZ/CvhVjdw5l4r1aU/9iMEyoKzH4eXMowT6M0YjBpp7W/+XjkBnY8Xh0kVd55GKjnPKlCwinQ==",
      "license": "Apache-2.0",
      "dependencies": {
        "@smithy/types": "^4.8.1",
        "tslib": "^2.6.2"
      },
      "engines": {
        "node": ">=18.0.0"
      }
    },
    "node_modules/@smithy/shared-ini-file-loader": {
      "version": "4.3.4",
      "resolved": "https://registry.npmjs.org/@smithy/shared-ini-file-loader/-/shared-ini-file-loader-4.3.4.tgz",
      "integrity": "sha512-y5ozxeQ9omVjbnJo9dtTsdXj9BEvGx2X8xvRgKnV+/7wLBuYJQL6dOa/qMY6omyHi7yjt1OA97jZLoVRYi8lxA==",
      "license": "Apache-2.0",
      "dependencies": {
        "@smithy/types": "^4.8.1",
        "tslib": "^2.6.2"
      },
      "engines": {
        "node": ">=18.0.0"
      }
    },
    "node_modules/@smithy/signature-v4": {
      "version": "5.3.4",
      "resolved": "https://registry.npmjs.org/@smithy/signature-v4/-/signature-v4-5.3.4.tgz",
      "integrity": "sha512-ScDCpasxH7w1HXHYbtk3jcivjvdA1VICyAdgvVqKhKKwxi+MTwZEqFw0minE+oZ7F07oF25xh4FGJxgqgShz0A==",
      "license": "Apache-2.0",
      "dependencies": {
        "@smithy/is-array-buffer": "^4.2.0",
        "@smithy/protocol-http": "^5.3.4",
        "@smithy/types": "^4.8.1",
        "@smithy/util-hex-encoding": "^4.2.0",
        "@smithy/util-middleware": "^4.2.4",
        "@smithy/util-uri-escape": "^4.2.0",
        "@smithy/util-utf8": "^4.2.0",
        "tslib": "^2.6.2"
      },
      "engines": {
        "node": ">=18.0.0"
      }
    },
    "node_modules/@smithy/smithy-client": {
      "version": "4.9.2",
      "resolved": "https://registry.npmjs.org/@smithy/smithy-client/-/smithy-client-4.9.2.tgz",
      "integrity": "sha512-gZU4uAFcdrSi3io8U99Qs/FvVdRxPvIMToi+MFfsy/DN9UqtknJ1ais+2M9yR8e0ASQpNmFYEKeIKVcMjQg3rg==",
      "license": "Apache-2.0",
      "dependencies": {
        "@smithy/core": "^3.17.2",
        "@smithy/middleware-endpoint": "^4.3.6",
        "@smithy/middleware-stack": "^4.2.4",
        "@smithy/protocol-http": "^5.3.4",
        "@smithy/types": "^4.8.1",
        "@smithy/util-stream": "^4.5.5",
        "tslib": "^2.6.2"
      },
      "engines": {
        "node": ">=18.0.0"
      }
    },
    "node_modules/@smithy/types": {
      "version": "4.8.1",
      "resolved": "https://registry.npmjs.org/@smithy/types/-/types-4.8.1.tgz",
      "integrity": "sha512-N0Zn0OT1zc+NA+UVfkYqQzviRh5ucWwO7mBV3TmHHprMnfcJNfhlPicDkBHi0ewbh+y3evR6cNAW0Raxvb01NA==",
      "license": "Apache-2.0",
      "dependencies": {
        "tslib": "^2.6.2"
      },
      "engines": {
        "node": ">=18.0.0"
      }
    },
    "node_modules/@smithy/url-parser": {
      "version": "4.2.4",
      "resolved": "https://registry.npmjs.org/@smithy/url-parser/-/url-parser-4.2.4.tgz",
      "integrity": "sha512-w/N/Iw0/PTwJ36PDqU9PzAwVElo4qXxCC0eCTlUtIz/Z5V/2j/cViMHi0hPukSBHp4DVwvUlUhLgCzqSJ6plrg==",
      "license": "Apache-2.0",
      "dependencies": {
        "@smithy/querystring-parser": "^4.2.4",
        "@smithy/types": "^4.8.1",
        "tslib": "^2.6.2"
      },
      "engines": {
        "node": ">=18.0.0"
      }
    },
    "node_modules/@smithy/util-base64": {
      "version": "4.3.0",
      "resolved": "https://registry.npmjs.org/@smithy/util-base64/-/util-base64-4.3.0.tgz",
      "integrity": "sha512-GkXZ59JfyxsIwNTWFnjmFEI8kZpRNIBfxKjv09+nkAWPt/4aGaEWMM04m4sxgNVWkbt2MdSvE3KF/PfX4nFedQ==",
      "license": "Apache-2.0",
      "dependencies": {
        "@smithy/util-buffer-from": "^4.2.0",
        "@smithy/util-utf8": "^4.2.0",
        "tslib": "^2.6.2"
      },
      "engines": {
        "node": ">=18.0.0"
      }
    },
    "node_modules/@smithy/util-body-length-browser": {
      "version": "4.2.0",
      "resolved": "https://registry.npmjs.org/@smithy/util-body-length-browser/-/util-body-length-browser-4.2.0.tgz",
      "integrity": "sha512-Fkoh/I76szMKJnBXWPdFkQJl2r9SjPt3cMzLdOB6eJ4Pnpas8hVoWPYemX/peO0yrrvldgCUVJqOAjUrOLjbxg==",
      "license": "Apache-2.0",
      "dependencies": {
        "tslib": "^2.6.2"
      },
      "engines": {
        "node": ">=18.0.0"
      }
    },
    "node_modules/@smithy/util-buffer-from": {
      "version": "4.2.0",
      "resolved": "https://registry.npmjs.org/@smithy/util-buffer-from/-/util-buffer-from-4.2.0.tgz",
      "integrity": "sha512-kAY9hTKulTNevM2nlRtxAG2FQ3B2OR6QIrPY3zE5LqJy1oxzmgBGsHLWTcNhWXKchgA0WHW+mZkQrng/pgcCew==",
      "license": "Apache-2.0",
      "dependencies": {
        "@smithy/is-array-buffer": "^4.2.0",
        "tslib": "^2.6.2"
      },
      "engines": {
        "node": ">=18.0.0"
      }
    },
    "node_modules/@smithy/util-config-provider": {
      "version": "4.2.0",
      "resolved": "https://registry.npmjs.org/@smithy/util-config-provider/-/util-config-provider-4.2.0.tgz",
      "integrity": "sha512-YEjpl6XJ36FTKmD+kRJJWYvrHeUvm5ykaUS5xK+6oXffQPHeEM4/nXlZPe+Wu0lsgRUcNZiliYNh/y7q9c2y6Q==",
      "license": "Apache-2.0",
      "dependencies": {
        "tslib": "^2.6.2"
      },
      "engines": {
        "node": ">=18.0.0"
      }
    },
    "node_modules/@smithy/util-hex-encoding": {
      "version": "4.2.0",
      "resolved": "https://registry.npmjs.org/@smithy/util-hex-encoding/-/util-hex-encoding-4.2.0.tgz",
      "integrity": "sha512-CCQBwJIvXMLKxVbO88IukazJD9a4kQ9ZN7/UMGBjBcJYvatpWk+9g870El4cB8/EJxfe+k+y0GmR9CAzkF+Nbw==",
      "license": "Apache-2.0",
      "dependencies": {
        "tslib": "^2.6.2"
      },
      "engines": {
        "node": ">=18.0.0"
      }
    },
    "node_modules/@smithy/util-middleware": {
      "version": "4.2.4",
      "resolved": "https://registry.npmjs.org/@smithy/util-middleware/-/util-middleware-4.2.4.tgz",
      "integrity": "sha512-fKGQAPAn8sgV0plRikRVo6g6aR0KyKvgzNrPuM74RZKy/wWVzx3BMk+ZWEueyN3L5v5EDg+P582mKU+sH5OAsg==",
      "license": "Apache-2.0",
      "dependencies": {
        "@smithy/types": "^4.8.1",
        "tslib": "^2.6.2"
      },
      "engines": {
        "node": ">=18.0.0"
      }
    },
    "node_modules/@smithy/util-stream": {
      "version": "4.5.5",
      "resolved": "https://registry.npmjs.org/@smithy/util-stream/-/util-stream-4.5.5.tgz",
      "integrity": "sha512-7M5aVFjT+HPilPOKbOmQfCIPchZe4DSBc1wf1+NvHvSoFTiFtauZzT+onZvCj70xhXd0AEmYnZYmdJIuwxOo4w==",
      "license": "Apache-2.0",
      "dependencies": {
        "@smithy/fetch-http-handler": "^5.3.5",
        "@smithy/node-http-handler": "^4.4.4",
        "@smithy/types": "^4.8.1",
        "@smithy/util-base64": "^4.3.0",
        "@smithy/util-buffer-from": "^4.2.0",
        "@smithy/util-hex-encoding": "^4.2.0",
        "@smithy/util-utf8": "^4.2.0",
        "tslib": "^2.6.2"
      },
      "engines": {
        "node": ">=18.0.0"
      }
    },
    "node_modules/@smithy/util-uri-escape": {
      "version": "4.2.0",
      "resolved": "https://registry.npmjs.org/@smithy/util-uri-escape/-/util-uri-escape-4.2.0.tgz",
      "integrity": "sha512-igZpCKV9+E/Mzrpq6YacdTQ0qTiLm85gD6N/IrmyDvQFA4UnU3d5g3m8tMT/6zG/vVkWSU+VxeUyGonL62DuxA==",
      "license": "Apache-2.0",
      "dependencies": {
        "tslib": "^2.6.2"
      },
      "engines": {
        "node": ">=18.0.0"
      }
    },
    "node_modules/@smithy/util-utf8": {
      "version": "4.2.0",
      "resolved": "https://registry.npmjs.org/@smithy/util-utf8/-/util-utf8-4.2.0.tgz",
      "integrity": "sha512-zBPfuzoI8xyBtR2P6WQj63Rz8i3AmfAaJLuNG8dWsfvPe8lO4aCPYLn879mEgHndZH1zQ2oXmG8O1GGzzaoZiw==",
      "license": "Apache-2.0",
      "dependencies": {
        "@smithy/util-buffer-from": "^4.2.0",
        "tslib": "^2.6.2"
      },
      "engines": {
        "node": ">=18.0.0"
      }
    },
    "node_modules/@smithy/uuid": {
      "version": "1.1.0",
      "resolved": "https://registry.npmjs.org/@smithy/uuid/-/uuid-1.1.0.tgz",
      "integrity": "sha512-4aUIteuyxtBUhVdiQqcDhKFitwfd9hqoSDYY2KRXiWtgoWJ9Bmise+KfEPDiVHWeJepvF8xJO9/9+WDIciMFFw==",
      "license": "Apache-2.0",
      "dependencies": {
        "tslib": "^2.6.2"
      },
      "engines": {
        "node": ">=18.0.0"
      }
    },
    "node_modules/fast-xml-parser": {
      "version": "5.2.5",
      "resolved": "https://registry.npmjs.org/fast-xml-parser/-/fast-xml-parser-5.2.5.tgz",
      "integrity": "sha512-pfX9uG9Ki0yekDHx2SiuRIyFdyAr1kMIMitPvb0YBo8SUfKvia7w7FIyd/l6av85pFYRhZscS75MwMnbvY+hcQ==",
      "funding": [
        {
          "type": "github",
          "url": "https://github.com/sponsors/NaturalIntelligence"
        }
      ],
      "license": "MIT",
      "dependencies": {
        "strnum": "^2.1.0"
      },
      "bin": {
        "fxparser": "src/cli/cli.js"
      }
    },
    "node_modules/strnum": {
      "version": "2.1.1",
      "resolved": "https://registry.npmjs.org/strnum/-/strnum-2.1.1.tgz",
      "integrity": "sha512-7ZvoFTiCnGxBtDqJ//Cu6fWtZtc7Y3x+QOirG15wztbdngGSkht27o2pyGWrVy0b4WAy3jbKmnoK6g5VlVNUUw==",
      "funding": [
        {
          "type": "github",
          "url": "https://github.com/sponsors/NaturalIntelligence"
        }
      ],
      "license": "MIT"
    },
    "node_modules/tslib": {
      "version": "2.8.1",
      "resolved": "https://registry.npmjs.org/tslib/-/tslib-2.8.1.tgz",
      "integrity": "sha512-oJFu94HQb+KVduSUQL7wnpmqnfmLsOA/nAh6b6EH0wCEoK0/mPeXU6c3wKDV83MkOuHPRHtSXKKU99IBazS/2w==",
      "license": "0BSD"
    }
  }
}
